
Microsoft Visual Studio Solution File, Format Version 12.00
# Visual Studio Version 16
VisualStudioVersion = 16.0.31005.135
MinimumVisualStudioVersion = 10.0.40219.1
Project("{9A19103F-16F7-4668-BE54-9A1E7A4F7556}") = "RocketScience", "src\rocket-science\RocketScience.csproj", "{1C8D0242-AF89-4A0A-BC77-6D0F507CF324}"
EndProject
Project("{FAE04EC0-301F-11D3-BF4B-00C04F79EFBC}") = "RocketSience.Tests", "tests\RocketSience.Tests\RocketSience.Tests.csproj", "{F27E1C8D-DED2-4E87-884D-3C9D869FD715}"
EndProject
Global
	GlobalSection(SolutionConfigurationPlatforms) = preSolution
		Debug|Any CPU = Debug|Any CPU
		Release|Any CPU = Release|Any CPU
	EndGlobalSection
	GlobalSection(ProjectConfigurationPlatforms) = postSolution
		{1C8D0242-AF89-4A0A-BC77-6D0F507CF324}.Debug|Any CPU.ActiveCfg = Debug|Any CPU
		{1C8D0242-AF89-4A0A-BC77-6D0F507CF324}.Debug|Any CPU.Build.0 = Debug|Any CPU
		{1C8D0242-AF89-4A0A-BC77-6D0F507CF324}.Release|Any CPU.ActiveCfg = Release|Any CPU
		{1C8D0242-AF89-4A0A-BC77-6D0F507CF324}.Release|Any CPU.Build.0 = Release|Any CPU
		{F27E1C8D-DED2-4E87-884D-3C9D869FD715}.Debug|Any CPU.ActiveCfg = Debug|Any CPU
		{F27E1C8D-DED2-4E87-884D-3C9D869FD715}.Debug|Any CPU.Build.0 = Debug|Any CPU
		{F27E1C8D-DED2-4E87-884D-3C9D869FD715}.Release|Any CPU.ActiveCfg = Release|Any CPU
		{F27E1C8D-DED2-4E87-884D-3C9D869FD715}.Release|Any CPU.Build.0 = Release|Any CPU
	EndGlobalSection
	GlobalSection(SolutionProperties) = preSolution
		HideSolutionNode = FALSE
	EndGlobalSection
	GlobalSection(ExtensibilityGlobals) = postSolution
		SolutionGuid = {30BC18E2-31BF-4E09-9067-3C6F1D2D61F3}
	EndGlobalSection
EndGlobal
